
Microsoft Visual Studio Solution File, Format Version 12.00
# Visual Studio Version 17
VisualStudioVersion = 17.9.34728.123
MinimumVisualStudioVersion = 10.0.40219.1
Project("{FAE04EC0-301F-11D3-BF4B-00C04F79EFBC}") = "ExcelBotCs", "ExcelBotCs/ExcelBotCs.csproj", "{8CA90F32-6592-43F7-AE00-9FF99887CCCB}"
EndProject
Project("{FAE04EC0-301F-11D3-BF4B-00C04F79EFBC}") = "ExcelBotCs.Tests", "ExcelBotCs.Tests\ExcelBotCs.Tests.csproj", "{E58936A4-686B-4BE2-BCA8-2429C8CB7645}"
EndProject
Global
	GlobalSection(SolutionConfigurationPlatforms) = preSolution
		Debug|Any CPU = Debug|Any CPU
		Debug|x64 = Debug|x64
		Debug|x86 = Debug|x86
		Release|Any CPU = Release|Any CPU
		Release|x64 = Release|x64
		Release|x86 = Release|x86
	EndGlobalSection
	GlobalSection(ProjectConfigurationPlatforms) = postSolution
		{8CA90F32-6592-43F7-AE00-9FF99887CCCB}.Debug|Any CPU.ActiveCfg = Debug|Any CPU
		{8CA90F32-6592-43F7-AE00-9FF99887CCCB}.Debug|Any CPU.Build.0 = Debug|Any CPU
		{8CA90F32-6592-43F7-AE00-9FF99887CCCB}.Debug|x64.ActiveCfg = Debug|Any CPU
		{8CA90F32-6592-43F7-AE00-9FF99887CCCB}.Debug|x64.Build.0 = Debug|Any CPU
		{8CA90F32-6592-43F7-AE00-9FF99887CCCB}.Debug|x86.ActiveCfg = Debug|Any CPU
		{8CA90F32-6592-43F7-AE00-9FF99887CCCB}.Debug|x86.Build.0 = Debug|Any CPU
		{8CA90F32-6592-43F7-AE00-9FF99887CCCB}.Release|Any CPU.ActiveCfg = Release|Any CPU
		{8CA90F32-6592-43F7-AE00-9FF99887CCCB}.Release|Any CPU.Build.0 = Release|Any CPU
		{8CA90F32-6592-43F7-AE00-9FF99887CCCB}.Release|x64.ActiveCfg = Release|Any CPU
		{8CA90F32-6592-43F7-AE00-9FF99887CCCB}.Release|x64.Build.0 = Release|Any CPU
		{8CA90F32-6592-43F7-AE00-9FF99887CCCB}.Release|x86.ActiveCfg = Release|Any CPU
		{8CA90F32-6592-43F7-AE00-9FF99887CCCB}.Release|x86.Build.0 = Release|Any CPU
		{E58936A4-686B-4BE2-BCA8-2429C8CB7645}.Debug|Any CPU.ActiveCfg = Debug|Any CPU
		{E58936A4-686B-4BE2-BCA8-2429C8CB7645}.Debug|Any CPU.Build.0 = Debug|Any CPU
		{E58936A4-686B-4BE2-BCA8-2429C8CB7645}.Debug|x64.ActiveCfg = Debug|Any CPU
		{E58936A4-686B-4BE2-BCA8-2429C8CB7645}.Debug|x64.Build.0 = Debug|Any CPU
		{E58936A4-686B-4BE2-BCA8-2429C8CB7645}.Debug|x86.ActiveCfg = Debug|Any CPU
		{E58936A4-686B-4BE2-BCA8-2429C8CB7645}.Debug|x86.Build.0 = Debug|Any CPU
		{E58936A4-686B-4BE2-BCA8-2429C8CB7645}.Release|Any CPU.ActiveCfg = Release|Any CPU
		{E58936A4-686B-4BE2-BCA8-2429C8CB7645}.Release|Any CPU.Build.0 = Release|Any CPU
		{E58936A4-686B-4BE2-BCA8-2429C8CB7645}.Release|x64.ActiveCfg = Release|Any CPU
		{E58936A4-686B-4BE2-BCA8-2429C8CB7645}.Release|x64.Build.0 = Release|Any CPU
		{E58936A4-686B-4BE2-BCA8-2429C8CB7645}.Release|x86.ActiveCfg = Release|Any CPU
		{E58936A4-686B-4BE2-BCA8-2429C8CB7645}.Release|x86.Build.0 = Release|Any CPU
	EndGlobalSection
	GlobalSection(SolutionProperties) = preSolution
		HideSolutionNode = FALSE
	EndGlobalSection
	GlobalSection(ExtensibilityGlobals) = postSolution
		SolutionGuid = {998602B0-C7AC-4B0C-A939-13CA0D57DBBD}
	EndGlobalSection
EndGlobal
